// !$*UTF8*$!
{
	archiveVersion = 1;
	classes = {
	};
	objectVersion = 50;
	objects = {

/* Begin PBXBuildFile section */
		FA319BD320C1BBDD0057BB96 /* AppDelegate.swift in Sources */ = {isa = PBXBuildFile; fileRef = FA319BD220C1BBDD0057BB96 /* AppDelegate.swift */; };
		FA319BD520C1BBDD0057BB96 /* ViewController.swift in Sources */ = {isa = PBXBuildFile; fileRef = FA319BD420C1BBDD0057BB96 /* ViewController.swift */; };
		FA319BD820C1BBDD0057BB96 /* Main.storyboard in Resources */ = {isa = PBXBuildFile; fileRef = FA319BD620C1BBDD0057BB96 /* Main.storyboard */; };
		FA319BDA20C1BBDF0057BB96 /* Assets.xcassets in Resources */ = {isa = PBXBuildFile; fileRef = FA319BD920C1BBDF0057BB96 /* Assets.xcassets */; };
		FA319BDD20C1BBDF0057BB96 /* LaunchScreen.storyboard in Resources */ = {isa = PBXBuildFile; fileRef = FA319BDB20C1BBDF0057BB96 /* LaunchScreen.storyboard */; };
		FA95F78320C7241A0048FB35 /* ViewController2.swift in Sources */ = {isa = PBXBuildFile; fileRef = FA95F78220C7241A0048FB35 /* ViewController2.swift */; };
/* End PBXBuildFile section */

/* Begin PBXFileReference section */
		FA319BCF20C1BBDD0057BB96 /* RailRoadTracks.app */ = {isa = PBXFileReference; explicitFileType = wrapper.application; includeInIndex = 0; path = RailRoadTracks.app; sourceTree = BUILT_PRODUCTS_DIR; };
		FA319BD220C1BBDD0057BB96 /* AppDelegate.swift */ = {isa = PBXFileReference; lastKnownFileType = sourcecode.swift; path = AppDelegate.swift; sourceTree = "<group>"; };
		FA319BD420C1BBDD0057BB96 /* ViewController.swift */ = {isa = PBXFileReference; lastKnownFileType = sourcecode.swift; path = ViewController.swift; sourceTree = "<group>"; };
		FA319BD720C1BBDD0057BB96 /* Base */ = {isa = PBXFileReference; lastKnownFileType = file.storyboard; name = Base; path = Base.lproj/Main.storyboard; sourceTree = "<group>"; };
		FA319BD920C1BBDF0057BB96 /* Assets.xcassets */ = {isa = PBXFileReference; lastKnownFileType = folder.assetcatalog; path = Assets.xcassets; sourceTree = "<group>"; };
		FA319BDC20C1BBDF0057BB96 /* Base */ = {isa = PBXFileReference; lastKnownFileType = file.storyboard; name = Base; path = Base.lproj/LaunchScreen.storyboard; sourceTree = "<group>"; };
		FA319BDE20C1BBDF0057BB96 /* Info.plist */ = {isa = PBXFileReference; lastKnownFileType = text.plist.xml; path = Info.plist; sourceTree = "<group>"; };
		FA95F78220C7241A0048FB35 /* ViewController2.swift */ = {isa = PBXFileReference; lastKnownFileType = sourcecode.swift; path = ViewController2.swift; sourceTree = "<group>"; };
/* End PBXFileReference section */

/* Begin PBXFrameworksBuildPhase section */
		FA319BCC20C1BBDD0057BB96 /* Frameworks */ = {
			isa = PBXFrameworksBuildPhase;
			buildActionMask = 2147483647;
			files = (
			);
			runOnlyForDeploymentPostprocessing = 0;
		};
/* End PBXFrameworksBuildPhase section */

/* Begin PBXGroup section */
		FA319BC620C1BBDD0057BB96 = {
			isa = PBXGroup;
			children = (
				FA319BD120C1BBDD0057BB96 /* RailRoadTracks */,
				FA319BD020C1BBDD0057BB96 /* Products */,
			);
			sourceTree = "<group>";
		};
		FA319BD020C1BBDD0057BB96 /* Products */ = {
			isa = PBXGroup;
			children = (
				FA319BCF20C1BBDD0057BB96 /* RailRoadTracks.app */,
			);
			name = Products;
			sourceTree = "<group>";
		};
		FA319BD120C1BBDD0057BB96 /* RailRoadTracks */ = {
			isa = PBXGroup;
			children = (
				FA319BD220C1BBDD0057BB96 /* AppDelegate.swift */,
				FA319BD420C1BBDD0057BB96 /* ViewController.swift */,
				FA95F78220C7241A0048FB35 /* ViewController2.swift */,
				FA319BD620C1BBDD0057BB96 /* Main.storyboard */,
				FA319BD920C1BBDF0057BB96 /* Assets.xcassets */,
				FA319BDB20C1BBDF0057BB96 /* LaunchScreen.storyboard */,
				FA319BDE20C1BBDF0057BB96 /* Info.plist */,
			);
			path = RailRoadTracks;
			sourceTree = "<group>";
		};
/* End PBXGroup section */

/* Begin PBXNativeTarget section */
		FA319BCE20C1BBDD0057BB96 /* RailRoadTracks */ = {
			isa = PBXNativeTarget;
			buildConfigurationList = FA319BE120C1BBDF0057BB96 /* Build configuration list for PBXNativeTarget "RailRoadTracks" */;
			buildPhases = (
				FA319BCB20C1BBDD0057BB96 /* Sources */,
				FA319BCC20C1BBDD0057BB96 /* Frameworks */,
				FA319BCD20C1BBDD0057BB96 /* Resources */,
			);
			buildRules = (
			);
			dependencies = (
			);
			name = RailRoadTracks;
			productName = RailRoadTracks;
			productReference = FA319BCF20C1BBDD0057BB96 /* RailRoadTracks.app */;
			productType = "com.apple.product-type.application";
		};
/* End PBXNativeTarget section */

/* Begin PBXProject section */
		FA319BC720C1BBDD0057BB96 /* Project object */ = {
			isa = PBXProject;
			attributes = {
				LastSwiftUpdateCheck = 0940;
				LastUpgradeCheck = 0940;
				ORGANIZATIONNAME = BAM07F;
				TargetAttributes = {
					FA319BCE20C1BBDD0057BB96 = {
						CreatedOnToolsVersion = 9.4;
					};
				};
			};
			buildConfigurationList = FA319BCA20C1BBDD0057BB96 /* Build configuration list for PBXProject "RailRoadTracks" */;
			compatibilityVersion = "Xcode 9.3";
			developmentRegion = en;
			hasScannedForEncodings = 0;
			knownRegions = (
				en,
				Base,
			);
			mainGroup = FA319BC620C1BBDD0057BB96;
			productRefGroup = FA319BD020C1BBDD0057BB96 /* Products */;
			projectDirPath = "";
			projectRoot = "";
			targets = (
				FA319BCE20C1BBDD0057BB96 /* RailRoadTracks */,
			);
		};
/* End PBXProject section */

/* Begin PBXResourcesBuildPhase section */
		FA319BCD20C1BBDD0057BB96 /* Resources */ = {
			isa = PBXResourcesBuildPhase;
			buildActionMask = 2147483647;
			files = (
				FA319BDD20C1BBDF0057BB96 /* LaunchScreen.storyboard in Resources */,
				FA319BDA20C1BBDF0057BB96 /* Assets.xcassets in Resources */,
				FA319BD820C1BBDD0057BB96 /* Main.storyboard in Resources */,
			);
			runOnlyForDeploymentPostprocessing = 0;
		};
/* End PBXResourcesBuildPhase section */

/* Begin PBXSourcesBuildPhase section */
		FA319BCB20C1BBDD0057BB96 /* Sources */ = {
			isa = PBXSourcesBuildPhase;
			buildActionMask = 2147483647;
			files = (
				FA319BD520C1BBDD0057BB96 /* ViewController.swift in Sources */,
				FA319BD320C1BBDD0057BB96 /* AppDelegate.swift in Sources */,
				FA95F78320C7241A0048FB35 /* ViewController2.swift in Sources */,
			);
			runOnlyForDeploymentPostprocessing = 0;
		};
/* End PBXSourcesBuildPhase section */

/* Begin PBXVariantGroup section */
		FA319BD620C1BBDD0057BB96 /* Main.storyboard */ = {
			isa = PBXVariantGroup;
			children = (
				FA319BD720C1BBDD0057BB96 /* Base */,
			);
			name = Main.storyboard;
			sourceTree = "<group>";
		};
		FA319BDB20C1BBDF0057BB96 /* LaunchScreen.storyboard */ = {
			isa = PBXVariantGroup;
			children = (
				FA319BDC20C1BBDF0057BB96 /* Base */,
			);
			name = LaunchScreen.storyboard;
			sourceTree = "<group>";
		};
/* End PBXVariantGroup section */

/* Begin XCBuildConfiguration section */
		FA319BDF20C1BBDF0057BB96 /* Debug */ = {
			isa = XCBuildConfiguration;
			buildSettings = {
				ALWAYS_SEARCH_USER_PATHS = NO;
				CLANG_ANALYZER_NONNULL = YES;
				CLANG_ANALYZER_NUMBER_OBJECT_CONVERSION = YES_AGGRESSIVE;
				CLANG_CXX_LANGUAGE_STANDARD = "gnu++14";
				CLANG_CXX_LIBRARY = "libc++";
				CLANG_ENABLE_MODULES = YES;
				CLANG_ENABLE_OBJC_ARC = YES;
				CLANG_ENABLE_OBJC_WEAK = YES;
				CLANG_WARN_BLOCK_CAPTURE_AUTORELEASING = YES;
				CLANG_WARN_BOOL_CONVERSION = YES;
				CLANG_WARN_COMMA = YES;
				CLANG_WARN_CONSTANT_CONVERSION = YES;
				CLANG_WARN_DEPRECATED_OBJC_IMPLEMENTATIONS = YES;
				CLANG_WARN_DIRECT_OBJC_ISA_USAGE = YES_ERROR;
				CLANG_WARN_DOCUMENTATION_COMMENTS = YES;
				CLANG_WARN_EMPTY_BODY = YES;
				CLANG_WARN_ENUM_CONVERSION = YES;
				CLANG_WARN_INFINITE_RECURSION = YES;
				CLANG_WARN_INT_CONVERSION = YES;
				CLANG_WARN_NON_LITERAL_NULL_CONVERSION = YES;
				CLANG_WARN_OBJC_IMPLICIT_RETAIN_SELF = YES;
				CLANG_WARN_OBJC_LITERAL_CONVERSION = YES;
				CLANG_WARN_OBJC_ROOT_CLASS = YES_ERROR;
				CLANG_WARN_RANGE_LOOP_ANALYSIS = YES;
				CLANG_WARN_STRICT_PROTOTYPES = YES;
				CLANG_WARN_SUSPICIOUS_MOVE = YES;
				CLANG_WARN_UNGUARDED_AVAILABILITY = YES_AGGRESSIVE;
				CLANG_WARN_UNREACHABLE_CODE = YES;
				CLANG_WARN__DUPLICATE_METHOD_MATCH = YES;
				CODE_SIGN_IDENTITY = "iPhone Developer";
				COPY_PHASE_STRIP = NO;
				DEBUG_INFORMATION_FORMAT = dwarf;
				ENABLE_STRICT_OBJC_MSGSEND = YES;
				ENABLE_TESTABILITY = YES;
				GCC_C_LANGUAGE_STANDARD = gnu11;
				GCC_DYNAMIC_NO_PIC = NO;
				GCC_NO_COMMON_BLOCKS = YES;
				GCC_OPTIMIZATION_LEVEL = 0;
				GCC_PREPROCESSOR_DEFINITIONS = (
					"DEBUG=1",
					"$(inherited)",
				);
				GCC_WARN_64_TO_32_BIT_CONVERSION = YES;
				GCC_WARN_ABOUT_RETURN_TYPE = YES_ERROR;
				GCC_WARN_UNDECLARED_SELECTOR = YES;
				GCC_WARN_UNINITIALIZED_AUTOS = YES_AGGRESSIVE;
				GCC_WARN_UNUSED_FUNCTION = YES;
				GCC_WARN_UNUSED_VARIABLE = YES;
				IPHONEOS_DEPLOYMENT_TARGET = 11.4;
				MTL_ENABLE_DEBUG_INFO = YES;
				ONLY_ACTIVE_ARCH = YES;
				SDKROOT = iphoneos;
				SWIFT_ACTIVE_COMPILATION_CONDITIONS = DEBUG;
				SWIFT_OPTIMIZATION_LEVEL = "-Onone";
			};
			name = Debug;
		};
		FA319BE020C1BBDF0057BB96 /* Release */ = {
			isa = XCBuildConfiguration;
			buildSettings = {
				ALWAYS_SEARCH_USER_PATHS = NO;
				CLANG_ANALYZER_NONNULL = YES;
				CLANG_ANALYZER_NUMBER_OBJECT_CONVERSION = YES_AGGRESSIVE;
				CLANG_CXX_LANGUAGE_STANDARD = "gnu++14";
				CLANG_CXX_LIBRARY = "libc++";
				CLANG_ENABLE_MODULES = YES;
				CLANG_ENABLE_OBJC_ARC = YES;
				CLANG_ENABLE_OBJC_WEAK = YES;
				CLANG_WARN_BLOCK_CAPTURE_AUTORELEASING = YES;
				CLANG_WARN_BOOL_CONVERSION = YES;
				CLANG_WARN_COMMA = YES;
				CLANG_WARN_CONSTANT_CONVERSION = YES;
				CLANG_WARN_DEPRECATED_OBJC_IMPLEMENTATIONS = YES;
				CLANG_WARN_DIRECT_OBJC_ISA_USAGE = YES_ERROR;
				CLANG_WARN_DOCUMENTATION_COMMENTS = YES;
				CLANG_WARN_EMPTY_BODY = YES;
				CLANG_WARN_ENUM_CONVERSION = YES;
				CLANG_WARN_INFINITE_RECURSION = YES;
				CLANG_WARN_INT_CONVERSION = YES;
				CLANG_WARN_NON_LITERAL_NULL_CONVERSION = YES;
				CLANG_WARN_OBJC_IMPLICIT_RETAIN_SELF = YES;
				CLANG_WARN_OBJC_LITERAL_CONVERSION = YES;
				CLANG_WARN_OBJC_ROOT_CLASS = YES_ERROR;
				CLANG_WARN_RANGE_LOOP_ANALYSIS = YES;
				CLANG_WARN_STRICT_PROTOTYPES = YES;
				CLANG_WARN_SUSPICIOUS_MOVE = YES;
				CLANG_WARN_UNGUARDED_AVAILABILITY = YES_AGGRESSIVE;
				CLANG_WARN_UNREACHABLE_CODE = YES;
				CLANG_WARN__DUPLICATE_METHOD_MATCH = YES;
				CODE_SIGN_IDENTITY = "iPhone Developer";
				COPY_PHASE_STRIP = NO;
				DEBUG_INFORMATION_FORMAT = "dwarf-with-dsym";
				ENABLE_NS_ASSERTIONS = NO;
				ENABLE_STRICT_OBJC_MSGSEND = YES;
				GCC_C_LANGUAGE_STANDARD = gnu11;
				GCC_NO_COMMON_BLOCKS = YES;
				GCC_WARN_64_TO_32_BIT_CONVERSION = YES;
				GCC_WARN_ABOUT_RETURN_TYPE = YES_ERROR;
				GCC_WARN_UNDECLARED_SELECTOR = YES;
				GCC_WARN_UNINITIALIZED_AUTOS = YES_AGGRESSIVE;
				GCC_WARN_UNUSED_FUNCTION = YES;
				GCC_WARN_UNUSED_VARIABLE = YES;
				IPHONEOS_DEPLOYMENT_TARGET = 11.4;
				MTL_ENABLE_DEBUG_INFO = NO;
				SDKROOT = iphoneos;
				SWIFT_COMPILATION_MODE = wholemodule;
				SWIFT_OPTIMIZATION_LEVEL = "-O";
				VALIDATE_PRODUCT = YES;
			};
			name = Release;
		};
		FA319BE220C1BBDF0057BB96 /* Debug */ = {
			isa = XCBuildConfiguration;
			buildSettings = {
				ASSETCATALOG_COMPILER_APPICON_NAME = AppIcon;
				CODE_SIGN_STYLE = Automatic;
				DEVELOPMENT_TEAM = 95MU56BAH7;
				INFOPLIST_FILE = RailRoadTracks/Info.plist;
				IPHONEOS_DEPLOYMENT_TARGET = 10.2;
				LD_RUNPATH_SEARCH_PATHS = (
					"$(inherited)",
					"@executable_path/Frameworks",
				);
				PRODUCT_BUNDLE_IDENTIFIER = com.mBAMF.RailRoadTracks;
				PRODUCT_NAME = "$(TARGET_NAME)";
				SWIFT_VERSION = 4.0;
				TARGETED_DEVICE_FAMILY = "1,2";
			};
			name = Debug;
		};
		FA319BE320C1BBDF0057BB96 /* Release */ = {
			isa = XCBuildConfiguration;
			buildSettings = {
				ASSETCATALOG_COMPILER_APPICON_NAME = AppIcon;
				CODE_SIGN_STYLE = Automatic;
				DEVELOPMENT_TEAM = 95MU56BAH7;
				INFOPLIST_FILE = RailRoadTracks/Info.plist;
				IPHONEOS_DEPLOYMENT_TARGET = 10.2;
				LD_RUNPATH_SEARCH_PATHS = (
					"$(inherited)",
					"@executable_path/Frameworks",
				);
				PRODUCT_BUNDLE_IDENTIFIER = com.mBAMF.RailRoadTracks;
				PRODUCT_NAME = "$(TARGET_NAME)";
				SWIFT_VERSION = 4.0;
				TARGETED_DEVICE_FAMILY = "1,2";
			};
			name = Release;
		};
/* End XCBuildConfiguration section */

/* Begin XCConfigurationList section */
		FA319BCA20C1BBDD0057BB96 /* Build configuration list for PBXProject "RailRoadTracks" */ = {
			isa = XCConfigurationList;
			buildConfigurations = (
				FA319BDF20C1BBDF0057BB96 /* Debug */,
				FA319BE020C1BBDF0057BB96 /* Release */,
			);
			defaultConfigurationIsVisible = 0;
			defaultConfigurationName = Release;
		};
		FA319BE120C1BBDF0057BB96 /* Build configuration list for PBXNativeTarget "RailRoadTracks" */ = {
			isa = XCConfigurationList;
			buildConfigurations = (
				FA319BE220C1BBDF0057BB96 /* Debug */,
				FA319BE320C1BBDF0057BB96 /* Release */,
			);
			defaultConfigurationIsVisible = 0;
			defaultConfigurationName = Release;
		};
/* End XCConfigurationList section */
	};
	rootObject = FA319BC720C1BBDD0057BB96 /* Project object */;
}
